
Microsoft Visual Studio Solution File, Format Version 12.00
# Visual Studio Version 17
VisualStudioVersion = 17.10.35122.118
MinimumVisualStudioVersion = 10.0.40219.1
Project("{FAE04EC0-301F-11D3-BF4B-00C04F79EFBC}") = "html++ compiler", "html++ compiler\html++ compiler.csproj", "{7A492E02-7CED-461A-AA7E-E41067FA4459}"
EndProject
Global
	GlobalSection(SolutionConfigurationPlatforms) = preSolution
		Debug|Any CPU = Debug|Any CPU
		Release|Any CPU = Release|Any CPU
	EndGlobalSection
	GlobalSection(ProjectConfigurationPlatforms) = postSolution
		{7A492E02-7CED-461A-AA7E-E41067FA4459}.Debug|Any CPU.ActiveCfg = Debug|Any CPU
		{7A492E02-7CED-461A-AA7E-E41067FA4459}.Debug|Any CPU.Build.0 = Debug|Any CPU
		{7A492E02-7CED-461A-AA7E-E41067FA4459}.Release|Any CPU.ActiveCfg = Release|Any CPU
		{7A492E02-7CED-461A-AA7E-E41067FA4459}.Release|Any CPU.Build.0 = Release|Any CPU
	EndGlobalSection
	GlobalSection(SolutionProperties) = preSolution
		HideSolutionNode = FALSE
	EndGlobalSection
	GlobalSection(ExtensibilityGlobals) = postSolution
		SolutionGuid = {38F6C157-7264-49DA-A161-1BDBFD0A3FB2}
	EndGlobalSection
EndGlobal
